
Microsoft Visual Studio Solution File, Format Version 12.00
# Visual Studio Version 16
VisualStudioVersion = 16.0.29509.3
MinimumVisualStudioVersion = 10.0.40219.1
Project("{FAE04EC0-301F-11D3-BF4B-00C04F79EFBC}") = "MotionDecoder", "MotionDecoder\MotionDecoder.csproj", "{F6D82605-6E5F-4FD6-AF07-CD4EC9DE5DC9}"
EndProject
Global
	GlobalSection(SolutionConfigurationPlatforms) = preSolution
		Debug|Any CPU = Debug|Any CPU
		Release|Any CPU = Release|Any CPU
	EndGlobalSection
	GlobalSection(ProjectConfigurationPlatforms) = postSolution
		{F6D82605-6E5F-4FD6-AF07-CD4EC9DE5DC9}.Debug|Any CPU.ActiveCfg = Debug|Any CPU
		{F6D82605-6E5F-4FD6-AF07-CD4EC9DE5DC9}.Debug|Any CPU.Build.0 = Debug|Any CPU
		{F6D82605-6E5F-4FD6-AF07-CD4EC9DE5DC9}.Release|Any CPU.ActiveCfg = Release|Any CPU
		{F6D82605-6E5F-4FD6-AF07-CD4EC9DE5DC9}.Release|Any CPU.Build.0 = Release|Any CPU
	EndGlobalSection
	GlobalSection(SolutionProperties) = preSolution
		HideSolutionNode = FALSE
	EndGlobalSection
	GlobalSection(ExtensibilityGlobals) = postSolution
		SolutionGuid = {DCDB3D43-4794-40E6-8A3B-788F864511C4}
	EndGlobalSection
EndGlobal
